
Microsoft Visual Studio Solution File, Format Version 12.00
# Visual Studio Version 17
VisualStudioVersion = 17.0.31903.59
MinimumVisualStudioVersion = 10.0.40219.1
Project("{2150E333-8FDC-42A3-9474-1A3956D46DE8}") = "src", "src", "{5BFC6C53-7DB0-4791-992D-DE15ADEEBCDC}"
EndProject
Project("{FAE04EC0-301F-11D3-BF4B-00C04F79EFBC}") = "Atlas.Api", "src\Atlas.Api\Atlas.Api.csproj", "{42F25FD7-679E-4ADE-94CF-CDEF2484F6D6}"
EndProject
Project("{FAE04EC0-301F-11D3-BF4B-00C04F79EFBC}") = "Atlas.Api.Tests", "src\Atlas.Api.Tests\Atlas.Api.Tests.csproj", "{1FB8D08A-0C69-4F40-BE9F-934B1C9B73CF}"
EndProject
Global
	GlobalSection(SolutionConfigurationPlatforms) = preSolution
		Debug|Any CPU = Debug|Any CPU
		Release|Any CPU = Release|Any CPU
	EndGlobalSection
	GlobalSection(SolutionProperties) = preSolution
		HideSolutionNode = FALSE
	EndGlobalSection
	GlobalSection(ProjectConfigurationPlatforms) = postSolution
		{42F25FD7-679E-4ADE-94CF-CDEF2484F6D6}.Debug|Any CPU.ActiveCfg = Debug|Any CPU
		{42F25FD7-679E-4ADE-94CF-CDEF2484F6D6}.Debug|Any CPU.Build.0 = Debug|Any CPU
		{42F25FD7-679E-4ADE-94CF-CDEF2484F6D6}.Release|Any CPU.ActiveCfg = Release|Any CPU
		{42F25FD7-679E-4ADE-94CF-CDEF2484F6D6}.Release|Any CPU.Build.0 = Release|Any CPU
		{1FB8D08A-0C69-4F40-BE9F-934B1C9B73CF}.Debug|Any CPU.ActiveCfg = Debug|Any CPU
		{1FB8D08A-0C69-4F40-BE9F-934B1C9B73CF}.Debug|Any CPU.Build.0 = Debug|Any CPU
		{1FB8D08A-0C69-4F40-BE9F-934B1C9B73CF}.Release|Any CPU.ActiveCfg = Release|Any CPU
		{1FB8D08A-0C69-4F40-BE9F-934B1C9B73CF}.Release|Any CPU.Build.0 = Release|Any CPU
	EndGlobalSection
	GlobalSection(NestedProjects) = preSolution
		{42F25FD7-679E-4ADE-94CF-CDEF2484F6D6} = {5BFC6C53-7DB0-4791-992D-DE15ADEEBCDC}
		{1FB8D08A-0C69-4F40-BE9F-934B1C9B73CF} = {5BFC6C53-7DB0-4791-992D-DE15ADEEBCDC}
	EndGlobalSection
EndGlobal
